
Microsoft Visual Studio Solution File, Format Version 12.00
# Visual Studio Version 16
VisualStudioVersion = 16.0.808.1
MinimumVisualStudioVersion = 10.0.40219.1
Project("{FAE04EC0-301F-11D3-BF4B-00C04F79EFBC}") = "PaymentGateway", "PaymentGateway\PaymentGateway.csproj", "{48F70F35-B256-4D4B-BBDD-A09958FFD362}"
EndProject
Project("{2150E333-8FDC-42A3-9474-1A3956D46DE8}") = "Tests", "Tests", "{26EFDC2B-AF25-40FD-B7E5-D693FDB036C8}"
EndProject
Project("{FAE04EC0-301F-11D3-BF4B-00C04F79EFBC}") = "PaymentGateawayTests", "PaymentGateawayTests\PaymentGateawayTests.csproj", "{A33B5564-F16A-47F8-AA2C-D3888B46270D}"
EndProject
Global
	GlobalSection(SolutionConfigurationPlatforms) = preSolution
		Debug|Any CPU = Debug|Any CPU
		Release|Any CPU = Release|Any CPU
	EndGlobalSection
	GlobalSection(ProjectConfigurationPlatforms) = postSolution
		{48F70F35-B256-4D4B-BBDD-A09958FFD362}.Debug|Any CPU.ActiveCfg = Debug|Any CPU
		{48F70F35-B256-4D4B-BBDD-A09958FFD362}.Debug|Any CPU.Build.0 = Debug|Any CPU
		{48F70F35-B256-4D4B-BBDD-A09958FFD362}.Release|Any CPU.ActiveCfg = Release|Any CPU
		{48F70F35-B256-4D4B-BBDD-A09958FFD362}.Release|Any CPU.Build.0 = Release|Any CPU
		{A33B5564-F16A-47F8-AA2C-D3888B46270D}.Debug|Any CPU.ActiveCfg = Debug|Any CPU
		{A33B5564-F16A-47F8-AA2C-D3888B46270D}.Debug|Any CPU.Build.0 = Debug|Any CPU
		{A33B5564-F16A-47F8-AA2C-D3888B46270D}.Release|Any CPU.ActiveCfg = Release|Any CPU
		{A33B5564-F16A-47F8-AA2C-D3888B46270D}.Release|Any CPU.Build.0 = Release|Any CPU
	EndGlobalSection
	GlobalSection(SolutionProperties) = preSolution
		HideSolutionNode = FALSE
	EndGlobalSection
	GlobalSection(ExtensibilityGlobals) = postSolution
		SolutionGuid = {5E775E04-9B87-455D-A618-B04BA7097F4B}
	EndGlobalSection
	GlobalSection(NestedProjects) = preSolution
		{A33B5564-F16A-47F8-AA2C-D3888B46270D} = {26EFDC2B-AF25-40FD-B7E5-D693FDB036C8}
	EndGlobalSection
EndGlobal
